# This file is automatically @generated by Cargo.
# It is not intended for manual editing.
version = 4

[[package]]
name = "lock_api"
version = "0.4.14"
source = "registry+https://github.com/rust-lang/crates.io-index"
checksum = "224399e74b87b5f3557511d98dff8b14089b3dadafcab6bb93eab67d3aace965"
dependencies = [
 "scopeguard",
]

[[package]]
name = "mnu-abi"
version = "0.1.0"

[[package]]
name = "mochi-user-platform"
version = "0.1.0"
dependencies = [
 "mnu-abi",
 "mochi-user-runtime",
 "mochi-user-syscall",
 "mochios-capability-protocol",
]

[[package]]
name = "mochi-user-runtime"
version = "0.1.0"
dependencies = [
 "mochi-user-syscall",
]

[[package]]
name = "mochi-user-syscall"
version = "0.1.0"
dependencies = [
 "mnu-abi",
]

[[package]]
name = "mochios-capability-protocol"
version = "0.1.0"

[[package]]
name = "mochios-net-device-protocol"
version = "0.1.0"
source = "git+https://github.com/mochiOS/syscalls#5ecc8a19f932099e72fe9747ac479828d7ecda94"

[[package]]
name = "plugkit"
version = "0.1.0"
source = "git+https://github.com/mochiOS/mnu#a5dc118db84c4a303ac74457c0feb78f4cd6dcba"
dependencies = [
 "plugkit-macros",
 "plugkit-sys",
]

[[package]]
name = "plugkit-macros"
version = "0.1.0"
source = "git+https://github.com/mochiOS/mnu#a5dc118db84c4a303ac74457c0feb78f4cd6dcba"

[[package]]
name = "plugkit-sys"
version = "0.1.0"
source = "git+https://github.com/mochiOS/mnu#a5dc118db84c4a303ac74457c0feb78f4cd6dcba"
dependencies = [
 "spin",
]

[[package]]
name = "scopeguard"
version = "1.2.0"
source = "registry+https://github.com/rust-lang/crates.io-index"
checksum = "94143f37725109f92c262ed2cf5e59bce7498c01bcc1502d7b9afe439a4e9f49"

[[package]]
name = "spin"
version = "0.9.9"
source = "registry+https://github.com/rust-lang/crates.io-index"
checksum = "3763264f6b73151db08c50ff20d7d8a0b8796e021cdea7ceedad07b80155fa0e"
dependencies = [
 "lock_api",
]

[[package]]
name = "virtio-net-driver"
version = "0.1.0"
dependencies = [
 "mochi-user-platform",
 "mochi-user-runtime",
 "mochi-user-syscall",
 "mochios-net-device-protocol",
 "plugkit",
]
